{
  "originHash" : "7e9dcadba6154f2c10de3ae77e9c9d51ad701d630293f50d631b86c88e746acd",
  "pins" : [
    {
      "identity" : "capacitor-swift-pm",
      "kind" : "remoteSourceControl",
      "location" : "https://github.com/ionic-team/capacitor-swift-pm.git",
      "state" : {
        "branch" : "main",
        "revision" : "4f71d0b979f2f957326f04353eca7604ee937e1e"
      }
    }
  ],
  "version" : 3
}
